// !$*UTF8*$!
{
	archiveVersion = 1;
	classes = {
	};
	objectVersion = 50;
	objects = {

/* Begin PBXBuildFile section */
		A1BE4F0A252ED77800608EDC /* AppDelegate.swift in Sources */ = {isa = PBXBuildFile; fileRef = A1BE4F09252ED77800608EDC /* AppDelegate.swift */; };
		A1BE4F0C252ED77800608EDC /* SceneDelegate.swift in Sources */ = {isa = PBXBuildFile; fileRef = A1BE4F0B252ED77800608EDC /* SceneDelegate.swift */; };
		A1BE4F0E252ED77800608EDC /* ContentView.swift in Sources */ = {isa = PBXBuildFile; fileRef = A1BE4F0D252ED77800608EDC /* ContentView.swift */; };
		A1BE4F10252ED77C00608EDC /* Assets.xcassets in Resources */ = {isa = PBXBuildFile; fileRef = A1BE4F0F252ED77C00608EDC /* Assets.xcassets */; };
		A1BE4F13252ED77C00608EDC /* Preview Assets.xcassets in Resources */ = {isa = PBXBuildFile; fileRef = A1BE4F12252ED77C00608EDC /* Preview Assets.xcassets */; };
		A1BE4F16252ED77C00608EDC /* LaunchScreen.storyboard in Resources */ = {isa = PBXBuildFile; fileRef = A1BE4F14252ED77C00608EDC /* LaunchScreen.storyboard */; };
/* End PBXBuildFile section */

/* Begin PBXFileReference section */
		A1BE4F06252ED77800608EDC /* iOSPrintLibClient.app */ = {isa = PBXFileReference; explicitFileType = wrapper.application; includeInIndex = 0; path = iOSPrintLibClient.app; sourceTree = BUILT_PRODUCTS_DIR; };
		A1BE4F09252ED77800608EDC /* AppDelegate.swift */ = {isa = PBXFileReference; lastKnownFileType = sourcecode.swift; path = AppDelegate.swift; sourceTree = "<group>"; };
		A1BE4F0B252ED77800608EDC /* SceneDelegate.swift */ = {isa = PBXFileReference; lastKnownFileType = sourcecode.swift; path = SceneDelegate.swift; sourceTree = "<group>"; };
		A1BE4F0D252ED77800608EDC /* ContentView.swift */ = {isa = PBXFileReference; lastKnownFileType = sourcecode.swift; path = ContentView.swift; sourceTree = "<group>"; };
		A1BE4F0F252ED77C00608EDC /* Assets.xcassets */ = {isa = PBXFileReference; lastKnownFileType = folder.assetcatalog; path = Assets.xcassets; sourceTree = "<group>"; };
		A1BE4F12252ED77C00608EDC /* Preview Assets.xcassets */ = {isa = PBXFileReference; lastKnownFileType = folder.assetcatalog; path = "Preview Assets.xcassets"; sourceTree = "<group>"; };
		A1BE4F15252ED77C00608EDC /* Base */ = {isa = PBXFileReference; lastKnownFileType = file.storyboard; name = Base; path = Base.lproj/LaunchScreen.storyboard; sourceTree = "<group>"; };
		A1BE4F17252ED77C00608EDC /* Info.plist */ = {isa = PBXFileReference; lastKnownFileType = text.plist.xml; path = Info.plist; sourceTree = "<group>"; };
/* End PBXFileReference section */

/* Begin PBXFrameworksBuildPhase section */
		A1BE4F03252ED77800608EDC /* Frameworks */ = {
			isa = PBXFrameworksBuildPhase;
			buildActionMask = 2147483647;
			files = (
			);
			runOnlyForDeploymentPostprocessing = 0;
		};
/* End PBXFrameworksBuildPhase section */

/* Begin PBXGroup section */
		A1BE4EFD252ED77800608EDC = {
			isa = PBXGroup;
			children = (
				A1BE4F08252ED77800608EDC /* iOSPrintLibClient */,
				A1BE4F07252ED77800608EDC /* Products */,
			);
			sourceTree = "<group>";
		};
		A1BE4F07252ED77800608EDC /* Products */ = {
			isa = PBXGroup;
			children = (
				A1BE4F06252ED77800608EDC /* iOSPrintLibClient.app */,
			);
			name = Products;
			sourceTree = "<group>";
		};
		A1BE4F08252ED77800608EDC /* iOSPrintLibClient */ = {
			isa = PBXGroup;
			children = (
				A1BE4F09252ED77800608EDC /* AppDelegate.swift */,
				A1BE4F0B252ED77800608EDC /* SceneDelegate.swift */,
				A1BE4F0D252ED77800608EDC /* ContentView.swift */,
				A1BE4F0F252ED77C00608EDC /* Assets.xcassets */,
				A1BE4F14252ED77C00608EDC /* LaunchScreen.storyboard */,
				A1BE4F17252ED77C00608EDC /* Info.plist */,
				A1BE4F11252ED77C00608EDC /* Preview Content */,
			);
			path = iOSPrintLibClient;
			sourceTree = "<group>";
		};
		A1BE4F11252ED77C00608EDC /* Preview Content */ = {
			isa = PBXGroup;
			children = (
				A1BE4F12252ED77C00608EDC /* Preview Assets.xcassets */,
			);
			path = "Preview Content";
			sourceTree = "<group>";
		};
/* End PBXGroup section */

/* Begin PBXNativeTarget section */
		A1BE4F05252ED77800608EDC /* iOSPrintLibClient */ = {
			isa = PBXNativeTarget;
			buildConfigurationList = A1BE4F1A252ED77C00608EDC /* Build configuration list for PBXNativeTarget "iOSPrintLibClient" */;
			buildPhases = (
				A1BE4F02252ED77800608EDC /* Sources */,
				A1BE4F03252ED77800608EDC /* Frameworks */,
				A1BE4F04252ED77800608EDC /* Resources */,
			);
			buildRules = (
			);
			dependencies = (
			);
			name = iOSPrintLibClient;
			productName = iOSPrintLibClient;
			productReference = A1BE4F06252ED77800608EDC /* iOSPrintLibClient.app */;
			productType = "com.apple.product-type.application";
		};
/* End PBXNativeTarget section */

/* Begin PBXProject section */
		A1BE4EFE252ED77800608EDC /* Project object */ = {
			isa = PBXProject;
			attributes = {
				LastSwiftUpdateCheck = 1130;
				LastUpgradeCheck = 1130;
				ORGANIZATIONNAME = "iori tenma";
				TargetAttributes = {
					A1BE4F05252ED77800608EDC = {
						CreatedOnToolsVersion = 11.3.1;
					};
				};
			};
			buildConfigurationList = A1BE4F01252ED77800608EDC /* Build configuration list for PBXProject "iOSPrintLibClient" */;
			compatibilityVersion = "Xcode 9.3";
			developmentRegion = en;
			hasScannedForEncodings = 0;
			knownRegions = (
				en,
				Base,
			);
			mainGroup = A1BE4EFD252ED77800608EDC;
			productRefGroup = A1BE4F07252ED77800608EDC /* Products */;
			projectDirPath = "";
			projectRoot = "";
			targets = (
				A1BE4F05252ED77800608EDC /* iOSPrintLibClient */,
			);
		};
/* End PBXProject section */

/* Begin PBXResourcesBuildPhase section */
		A1BE4F04252ED77800608EDC /* Resources */ = {
			isa = PBXResourcesBuildPhase;
			buildActionMask = 2147483647;
			files = (
				A1BE4F16252ED77C00608EDC /* LaunchScreen.storyboard in Resources */,
				A1BE4F13252ED77C00608EDC /* Preview Assets.xcassets in Resources */,
				A1BE4F10252ED77C00608EDC /* Assets.xcassets in Resources */,
			);
			runOnlyForDeploymentPostprocessing = 0;
		};
/* End PBXResourcesBuildPhase section */

/* Begin PBXSourcesBuildPhase section */
		A1BE4F02252ED77800608EDC /* Sources */ = {
			isa = PBXSourcesBuildPhase;
			buildActionMask = 2147483647;
			files = (
				A1BE4F0A252ED77800608EDC /* AppDelegate.swift in Sources */,
				A1BE4F0C252ED77800608EDC /* SceneDelegate.swift in Sources */,
				A1BE4F0E252ED77800608EDC /* ContentView.swift in Sources */,
			);
			runOnlyForDeploymentPostprocessing = 0;
		};
/* End PBXSourcesBuildPhase section */

/* Begin PBXVariantGroup section */
		A1BE4F14252ED77C00608EDC /* LaunchScreen.storyboard */ = {
			isa = PBXVariantGroup;
			children = (
				A1BE4F15252ED77C00608EDC /* Base */,
			);
			name = LaunchScreen.storyboard;
			sourceTree = "<group>";
		};
/* End PBXVariantGroup section */

/* Begin XCBuildConfiguration section */
		A1BE4F18252ED77C00608EDC /* Debug */ = {
			isa = XCBuildConfiguration;
			buildSettings = {
				ALWAYS_SEARCH_USER_PATHS = NO;
				CLANG_ANALYZER_NONNULL = YES;
				CLANG_ANALYZER_NUMBER_OBJECT_CONVERSION = YES_AGGRESSIVE;
				CLANG_CXX_LANGUAGE_STANDARD = "gnu++14";
				CLANG_CXX_LIBRARY = "libc++";
				CLANG_ENABLE_MODULES = YES;
				CLANG_ENABLE_OBJC_ARC = YES;
				CLANG_ENABLE_OBJC_WEAK = YES;
				CLANG_WARN_BLOCK_CAPTURE_AUTORELEASING = YES;
				CLANG_WARN_BOOL_CONVERSION = YES;
				CLANG_WARN_COMMA = YES;
				CLANG_WARN_CONSTANT_CONVERSION = YES;
				CLANG_WARN_DEPRECATED_OBJC_IMPLEMENTATIONS = YES;
				CLANG_WARN_DIRECT_OBJC_ISA_USAGE = YES_ERROR;
				CLANG_WARN_DOCUMENTATION_COMMENTS = YES;
				CLANG_WARN_EMPTY_BODY = YES;
				CLANG_WARN_ENUM_CONVERSION = YES;
				CLANG_WARN_INFINITE_RECURSION = YES;
				CLANG_WARN_INT_CONVERSION = YES;
				CLANG_WARN_NON_LITERAL_NULL_CONVERSION = YES;
				CLANG_WARN_OBJC_IMPLICIT_RETAIN_SELF = YES;
				CLANG_WARN_OBJC_LITERAL_CONVERSION = YES;
				CLANG_WARN_OBJC_ROOT_CLASS = YES_ERROR;
				CLANG_WARN_RANGE_LOOP_ANALYSIS = YES;
				CLANG_WARN_STRICT_PROTOTYPES = YES;
				CLANG_WARN_SUSPICIOUS_MOVE = YES;
				CLANG_WARN_UNGUARDED_AVAILABILITY = YES_AGGRESSIVE;
				CLANG_WARN_UNREACHABLE_CODE = YES;
				CLANG_WARN__DUPLICATE_METHOD_MATCH = YES;
				COPY_PHASE_STRIP = NO;
				DEBUG_INFORMATION_FORMAT = dwarf;
				ENABLE_STRICT_OBJC_MSGSEND = YES;
				ENABLE_TESTABILITY = YES;
				GCC_C_LANGUAGE_STANDARD = gnu11;
				GCC_DYNAMIC_NO_PIC = NO;
				GCC_NO_COMMON_BLOCKS = YES;
				GCC_OPTIMIZATION_LEVEL = 0;
				GCC_PREPROCESSOR_DEFINITIONS = (
					"DEBUG=1",
					"$(inherited)",
				);
				GCC_WARN_64_TO_32_BIT_CONVERSION = YES;
				GCC_WARN_ABOUT_RETURN_TYPE = YES_ERROR;
				GCC_WARN_UNDECLARED_SELECTOR = YES;
				GCC_WARN_UNINITIALIZED_AUTOS = YES_AGGRESSIVE;
				GCC_WARN_UNUSED_FUNCTION = YES;
				GCC_WARN_UNUSED_VARIABLE = YES;
				IPHONEOS_DEPLOYMENT_TARGET = 13.2;
				MTL_ENABLE_DEBUG_INFO = INCLUDE_SOURCE;
				MTL_FAST_MATH = YES;
				ONLY_ACTIVE_ARCH = YES;
				SDKROOT = iphoneos;
				SWIFT_ACTIVE_COMPILATION_CONDITIONS = DEBUG;
				SWIFT_OPTIMIZATION_LEVEL = "-Onone";
			};
			name = Debug;
		};
		A1BE4F19252ED77C00608EDC /* Release */ = {
			isa = XCBuildConfiguration;
			buildSettings = {
				ALWAYS_SEARCH_USER_PATHS = NO;
				CLANG_ANALYZER_NONNULL = YES;
				CLANG_ANALYZER_NUMBER_OBJECT_CONVERSION = YES_AGGRESSIVE;
				CLANG_CXX_LANGUAGE_STANDARD = "gnu++14";
				CLANG_CXX_LIBRARY = "libc++";
				CLANG_ENABLE_MODULES = YES;
				CLANG_ENABLE_OBJC_ARC = YES;
				CLANG_ENABLE_OBJC_WEAK = YES;
				CLANG_WARN_BLOCK_CAPTURE_AUTORELEASING = YES;
				CLANG_WARN_BOOL_CONVERSION = YES;
				CLANG_WARN_COMMA = YES;
				CLANG_WARN_CONSTANT_CONVERSION = YES;
				CLANG_WARN_DEPRECATED_OBJC_IMPLEMENTATIONS = YES;
				CLANG_WARN_DIRECT_OBJC_ISA_USAGE = YES_ERROR;
				CLANG_WARN_DOCUMENTATION_COMMENTS = YES;
				CLANG_WARN_EMPTY_BODY = YES;
				CLANG_WARN_ENUM_CONVERSION = YES;
				CLANG_WARN_INFINITE_RECURSION = YES;
				CLANG_WARN_INT_CONVERSION = YES;
				CLANG_WARN_NON_LITERAL_NULL_CONVERSION = YES;
				CLANG_WARN_OBJC_IMPLICIT_RETAIN_SELF = YES;
				CLANG_WARN_OBJC_LITERAL_CONVERSION = YES;
				CLANG_WARN_OBJC_ROOT_CLASS = YES_ERROR;
				CLANG_WARN_RANGE_LOOP_ANALYSIS = YES;
				CLANG_WARN_STRICT_PROTOTYPES = YES;
				CLANG_WARN_SUSPICIOUS_MOVE = YES;
				CLANG_WARN_UNGUARDED_AVAILABILITY = YES_AGGRESSIVE;
				CLANG_WARN_UNREACHABLE_CODE = YES;
				CLANG_WARN__DUPLICATE_METHOD_MATCH = YES;
				COPY_PHASE_STRIP = NO;
				DEBUG_INFORMATION_FORMAT = "dwarf-with-dsym";
				ENABLE_NS_ASSERTIONS = NO;
				ENABLE_STRICT_OBJC_MSGSEND = YES;
				GCC_C_LANGUAGE_STANDARD = gnu11;
				GCC_NO_COMMON_BLOCKS = YES;
				GCC_WARN_64_TO_32_BIT_CONVERSION = YES;
				GCC_WARN_ABOUT_RETURN_TYPE = YES_ERROR;
				GCC_WARN_UNDECLARED_SELECTOR = YES;
				GCC_WARN_UNINITIALIZED_AUTOS = YES_AGGRESSIVE;
				GCC_WARN_UNUSED_FUNCTION = YES;
				GCC_WARN_UNUSED_VARIABLE = YES;
				IPHONEOS_DEPLOYMENT_TARGET = 13.2;
				MTL_ENABLE_DEBUG_INFO = NO;
				MTL_FAST_MATH = YES;
				SDKROOT = iphoneos;
				SWIFT_COMPILATION_MODE = wholemodule;
				SWIFT_OPTIMIZATION_LEVEL = "-O";
				VALIDATE_PRODUCT = YES;
			};
			name = Release;
		};
		A1BE4F1B252ED77C00608EDC /* Debug */ = {
			isa = XCBuildConfiguration;
			buildSettings = {
				ASSETCATALOG_COMPILER_APPICON_NAME = AppIcon;
				CODE_SIGN_STYLE = Automatic;
				DEVELOPMENT_ASSET_PATHS = "\"iOSPrintLibClient/Preview Content\"";
				DEVELOPMENT_TEAM = TBQA5RANYY;
				ENABLE_PREVIEWS = YES;
				INFOPLIST_FILE = iOSPrintLibClient/Info.plist;
				LD_RUNPATH_SEARCH_PATHS = (
					"$(inherited)",
					"@executable_path/Frameworks",
				);
				PRODUCT_BUNDLE_IDENTIFIER = com.enfandevs.iOSPrintLibClient;
				PRODUCT_NAME = "$(TARGET_NAME)";
				SWIFT_VERSION = 5.0;
				TARGETED_DEVICE_FAMILY = "1,2";
			};
			name = Debug;
		};
		A1BE4F1C252ED77C00608EDC /* Release */ = {
			isa = XCBuildConfiguration;
			buildSettings = {
				ASSETCATALOG_COMPILER_APPICON_NAME = AppIcon;
				CODE_SIGN_STYLE = Automatic;
				DEVELOPMENT_ASSET_PATHS = "\"iOSPrintLibClient/Preview Content\"";
				DEVELOPMENT_TEAM = TBQA5RANYY;
				ENABLE_PREVIEWS = YES;
				INFOPLIST_FILE = iOSPrintLibClient/Info.plist;
				LD_RUNPATH_SEARCH_PATHS = (
					"$(inherited)",
					"@executable_path/Frameworks",
				);
				PRODUCT_BUNDLE_IDENTIFIER = com.enfandevs.iOSPrintLibClient;
				PRODUCT_NAME = "$(TARGET_NAME)";
				SWIFT_VERSION = 5.0;
				TARGETED_DEVICE_FAMILY = "1,2";
			};
			name = Release;
		};
/* End XCBuildConfiguration section */

/* Begin XCConfigurationList section */
		A1BE4F01252ED77800608EDC /* Build configuration list for PBXProject "iOSPrintLibClient" */ = {
			isa = XCConfigurationList;
			buildConfigurations = (
				A1BE4F18252ED77C00608EDC /* Debug */,
				A1BE4F19252ED77C00608EDC /* Release */,
			);
			defaultConfigurationIsVisible = 0;
			defaultConfigurationName = Release;
		};
		A1BE4F1A252ED77C00608EDC /* Build configuration list for PBXNativeTarget "iOSPrintLibClient" */ = {
			isa = XCConfigurationList;
			buildConfigurations = (
				A1BE4F1B252ED77C00608EDC /* Debug */,
				A1BE4F1C252ED77C00608EDC /* Release */,
			);
			defaultConfigurationIsVisible = 0;
			defaultConfigurationName = Release;
		};
/* End XCConfigurationList section */
	};
	rootObject = A1BE4EFE252ED77800608EDC /* Project object */;
}
